// !$*UTF8*$!
{
	archiveVersion = 1;
	classes = {
	};
	objectVersion = 56;
	objects = {

/* Begin PBXBuildFile section */
		4E449CAE2C481E0E00F9AB9A /* AppDelegate.swift in Sources */ = {isa = PBXBuildFile; fileRef = 4E449CAD2C481E0E00F9AB9A /* AppDelegate.swift */; };
		4E449CB02C481E0E00F9AB9A /* SceneDelegate.swift in Sources */ = {isa = PBXBuildFile; fileRef = 4E449CAF2C481E0E00F9AB9A /* SceneDelegate.swift */; };
		4E449CB52C481E0E00F9AB9A /* Main.storyboard in Resources */ = {isa = PBXBuildFile; fileRef = 4E449CB32C481E0E00F9AB9A /* Main.storyboard */; };
		4E449CB72C481E1400F9AB9A /* Assets.xcassets in Resources */ = {isa = PBXBuildFile; fileRef = 4E449CB62C481E1400F9AB9A /* Assets.xcassets */; };
		4E449CBA2C481E1400F9AB9A /* LaunchScreen.storyboard in Resources */ = {isa = PBXBuildFile; fileRef = 4E449CB82C481E1400F9AB9A /* LaunchScreen.storyboard */; };
		4E449CC22C481E7700F9AB9A /* FlightsViewController.swift in Sources */ = {isa = PBXBuildFile; fileRef = 4E449CC12C481E7700F9AB9A /* FlightsViewController.swift */; };
		4E449CC42C481E9F00F9AB9A /* NewFlightViewController.swift in Sources */ = {isa = PBXBuildFile; fileRef = 4E449CC32C481E9F00F9AB9A /* NewFlightViewController.swift */; };
		4E449CC62C498A9D00F9AB9A /* PassengersViewController.swift in Sources */ = {isa = PBXBuildFile; fileRef = 4E449CC52C498A9D00F9AB9A /* PassengersViewController.swift */; };
		4E449CC92C498B3900F9AB9A /* CrewViewController.swift in Sources */ = {isa = PBXBuildFile; fileRef = 4E449CC82C498B3900F9AB9A /* CrewViewController.swift */; };
		4E449CCB2C4993B100F9AB9A /* Passenger.swift in Sources */ = {isa = PBXBuildFile; fileRef = 4E449CCA2C4993B100F9AB9A /* Passenger.swift */; };
		4E449CCE2C4E8CDB00F9AB9A /* Pilot.swift in Sources */ = {isa = PBXBuildFile; fileRef = 4E449CCD2C4E8CDB00F9AB9A /* Pilot.swift */; };
		4E449CD02C4E8E8E00F9AB9A /* FlightAttendant.swift in Sources */ = {isa = PBXBuildFile; fileRef = 4E449CCF2C4E8E8E00F9AB9A /* FlightAttendant.swift */; };
/* End PBXBuildFile section */

/* Begin PBXFileReference section */
		4E449CAA2C481E0E00F9AB9A /* DesafioPDI3.app */ = {isa = PBXFileReference; explicitFileType = wrapper.application; includeInIndex = 0; path = DesafioPDI3.app; sourceTree = BUILT_PRODUCTS_DIR; };
		4E449CAD2C481E0E00F9AB9A /* AppDelegate.swift */ = {isa = PBXFileReference; lastKnownFileType = sourcecode.swift; path = AppDelegate.swift; sourceTree = "<group>"; };
		4E449CAF2C481E0E00F9AB9A /* SceneDelegate.swift */ = {isa = PBXFileReference; lastKnownFileType = sourcecode.swift; path = SceneDelegate.swift; sourceTree = "<group>"; };
		4E449CB42C481E0E00F9AB9A /* Base */ = {isa = PBXFileReference; lastKnownFileType = file.storyboard; name = Base; path = Base.lproj/Main.storyboard; sourceTree = "<group>"; };
		4E449CB62C481E1400F9AB9A /* Assets.xcassets */ = {isa = PBXFileReference; lastKnownFileType = folder.assetcatalog; path = Assets.xcassets; sourceTree = "<group>"; };
		4E449CB92C481E1400F9AB9A /* Base */ = {isa = PBXFileReference; lastKnownFileType = file.storyboard; name = Base; path = Base.lproj/LaunchScreen.storyboard; sourceTree = "<group>"; };
		4E449CBB2C481E1400F9AB9A /* Info.plist */ = {isa = PBXFileReference; lastKnownFileType = text.plist.xml; path = Info.plist; sourceTree = "<group>"; };
		4E449CC12C481E7700F9AB9A /* FlightsViewController.swift */ = {isa = PBXFileReference; lastKnownFileType = sourcecode.swift; path = FlightsViewController.swift; sourceTree = "<group>"; };
		4E449CC32C481E9F00F9AB9A /* NewFlightViewController.swift */ = {isa = PBXFileReference; lastKnownFileType = sourcecode.swift; path = NewFlightViewController.swift; sourceTree = "<group>"; };
		4E449CC52C498A9D00F9AB9A /* PassengersViewController.swift */ = {isa = PBXFileReference; lastKnownFileType = sourcecode.swift; path = PassengersViewController.swift; sourceTree = "<group>"; };
		4E449CC82C498B3900F9AB9A /* CrewViewController.swift */ = {isa = PBXFileReference; lastKnownFileType = sourcecode.swift; path = CrewViewController.swift; sourceTree = "<group>"; };
		4E449CCA2C4993B100F9AB9A /* Passenger.swift */ = {isa = PBXFileReference; lastKnownFileType = sourcecode.swift; path = Passenger.swift; sourceTree = "<group>"; };
		4E449CCD2C4E8CDB00F9AB9A /* Pilot.swift */ = {isa = PBXFileReference; lastKnownFileType = sourcecode.swift; path = Pilot.swift; sourceTree = "<group>"; };
		4E449CCF2C4E8E8E00F9AB9A /* FlightAttendant.swift */ = {isa = PBXFileReference; lastKnownFileType = sourcecode.swift; path = FlightAttendant.swift; sourceTree = "<group>"; };
/* End PBXFileReference section */

/* Begin PBXFrameworksBuildPhase section */
		4E449CA72C481E0E00F9AB9A /* Frameworks */ = {
			isa = PBXFrameworksBuildPhase;
			buildActionMask = 2147483647;
			files = (
			);
			runOnlyForDeploymentPostprocessing = 0;
		};
/* End PBXFrameworksBuildPhase section */

/* Begin PBXGroup section */
		4E449CA12C481E0E00F9AB9A = {
			isa = PBXGroup;
			children = (
				4E449CAC2C481E0E00F9AB9A /* DesafioPDI3 */,
				4E449CAB2C481E0E00F9AB9A /* Products */,
			);
			sourceTree = "<group>";
		};
		4E449CAB2C481E0E00F9AB9A /* Products */ = {
			isa = PBXGroup;
			children = (
				4E449CAA2C481E0E00F9AB9A /* DesafioPDI3.app */,
			);
			name = Products;
			sourceTree = "<group>";
		};
		4E449CAC2C481E0E00F9AB9A /* DesafioPDI3 */ = {
			isa = PBXGroup;
			children = (
				4E449CAD2C481E0E00F9AB9A /* AppDelegate.swift */,
				4E449CAF2C481E0E00F9AB9A /* SceneDelegate.swift */,
				4E449CCC2C4993BA00F9AB9A /* Models */,
				4E449CC72C498B1300F9AB9A /* New Group */,
				4E449CB32C481E0E00F9AB9A /* Main.storyboard */,
				4E449CB62C481E1400F9AB9A /* Assets.xcassets */,
				4E449CB82C481E1400F9AB9A /* LaunchScreen.storyboard */,
				4E449CBB2C481E1400F9AB9A /* Info.plist */,
			);
			path = DesafioPDI3;
			sourceTree = "<group>";
		};
		4E449CC72C498B1300F9AB9A /* New Group */ = {
			isa = PBXGroup;
			children = (
				4E449CC12C481E7700F9AB9A /* FlightsViewController.swift */,
				4E449CC32C481E9F00F9AB9A /* NewFlightViewController.swift */,
				4E449CC82C498B3900F9AB9A /* CrewViewController.swift */,
				4E449CCF2C4E8E8E00F9AB9A /* FlightAttendant.swift */,
				4E449CC52C498A9D00F9AB9A /* PassengersViewController.swift */,
			);
			path = "New Group";
			sourceTree = "<group>";
		};
		4E449CCC2C4993BA00F9AB9A /* Models */ = {
			isa = PBXGroup;
			children = (
				4E449CCA2C4993B100F9AB9A /* Passenger.swift */,
				4E449CCD2C4E8CDB00F9AB9A /* Pilot.swift */,
			);
			path = Models;
			sourceTree = "<group>";
		};
/* End PBXGroup section */

/* Begin PBXNativeTarget section */
		4E449CA92C481E0E00F9AB9A /* DesafioPDI3 */ = {
			isa = PBXNativeTarget;
			buildConfigurationList = 4E449CBE2C481E1400F9AB9A /* Build configuration list for PBXNativeTarget "DesafioPDI3" */;
			buildPhases = (
				4E449CA62C481E0E00F9AB9A /* Sources */,
				4E449CA72C481E0E00F9AB9A /* Frameworks */,
				4E449CA82C481E0E00F9AB9A /* Resources */,
			);
			buildRules = (
			);
			dependencies = (
			);
			name = DesafioPDI3;
			productName = DesafioPDI3;
			productReference = 4E449CAA2C481E0E00F9AB9A /* DesafioPDI3.app */;
			productType = "com.apple.product-type.application";
		};
/* End PBXNativeTarget section */

/* Begin PBXProject section */
		4E449CA22C481E0E00F9AB9A /* Project object */ = {
			isa = PBXProject;
			attributes = {
				BuildIndependentTargetsInParallel = 1;
				LastSwiftUpdateCheck = 1430;
				LastUpgradeCheck = 1430;
				TargetAttributes = {
					4E449CA92C481E0E00F9AB9A = {
						CreatedOnToolsVersion = 14.3.1;
					};
				};
			};
			buildConfigurationList = 4E449CA52C481E0E00F9AB9A /* Build configuration list for PBXProject "DesafioPDI3" */;
			compatibilityVersion = "Xcode 14.0";
			developmentRegion = en;
			hasScannedForEncodings = 0;
			knownRegions = (
				en,
				Base,
			);
			mainGroup = 4E449CA12C481E0E00F9AB9A;
			productRefGroup = 4E449CAB2C481E0E00F9AB9A /* Products */;
			projectDirPath = "";
			projectRoot = "";
			targets = (
				4E449CA92C481E0E00F9AB9A /* DesafioPDI3 */,
			);
		};
/* End PBXProject section */

/* Begin PBXResourcesBuildPhase section */
		4E449CA82C481E0E00F9AB9A /* Resources */ = {
			isa = PBXResourcesBuildPhase;
			buildActionMask = 2147483647;
			files = (
				4E449CBA2C481E1400F9AB9A /* LaunchScreen.storyboard in Resources */,
				4E449CB72C481E1400F9AB9A /* Assets.xcassets in Resources */,
				4E449CB52C481E0E00F9AB9A /* Main.storyboard in Resources */,
			);
			runOnlyForDeploymentPostprocessing = 0;
		};
/* End PBXResourcesBuildPhase section */

/* Begin PBXSourcesBuildPhase section */
		4E449CA62C481E0E00F9AB9A /* Sources */ = {
			isa = PBXSourcesBuildPhase;
			buildActionMask = 2147483647;
			files = (
				4E449CC62C498A9D00F9AB9A /* PassengersViewController.swift in Sources */,
				4E449CCB2C4993B100F9AB9A /* Passenger.swift in Sources */,
				4E449CC92C498B3900F9AB9A /* CrewViewController.swift in Sources */,
				4E449CD02C4E8E8E00F9AB9A /* FlightAttendant.swift in Sources */,
				4E449CAE2C481E0E00F9AB9A /* AppDelegate.swift in Sources */,
				4E449CC22C481E7700F9AB9A /* FlightsViewController.swift in Sources */,
				4E449CC42C481E9F00F9AB9A /* NewFlightViewController.swift in Sources */,
				4E449CCE2C4E8CDB00F9AB9A /* Pilot.swift in Sources */,
				4E449CB02C481E0E00F9AB9A /* SceneDelegate.swift in Sources */,
			);
			runOnlyForDeploymentPostprocessing = 0;
		};
/* End PBXSourcesBuildPhase section */

/* Begin PBXVariantGroup section */
		4E449CB32C481E0E00F9AB9A /* Main.storyboard */ = {
			isa = PBXVariantGroup;
			children = (
				4E449CB42C481E0E00F9AB9A /* Base */,
			);
			name = Main.storyboard;
			sourceTree = "<group>";
		};
		4E449CB82C481E1400F9AB9A /* LaunchScreen.storyboard */ = {
			isa = PBXVariantGroup;
			children = (
				4E449CB92C481E1400F9AB9A /* Base */,
			);
			name = LaunchScreen.storyboard;
			sourceTree = "<group>";
		};
/* End PBXVariantGroup section */

/* Begin XCBuildConfiguration section */
		4E449CBC2C481E1400F9AB9A /* Debug */ = {
			isa = XCBuildConfiguration;
			buildSettings = {
				ALWAYS_SEARCH_USER_PATHS = NO;
				CLANG_ANALYZER_NONNULL = YES;
				CLANG_ANALYZER_NUMBER_OBJECT_CONVERSION = YES_AGGRESSIVE;
				CLANG_CXX_LANGUAGE_STANDARD = "gnu++20";
				CLANG_ENABLE_MODULES = YES;
				CLANG_ENABLE_OBJC_ARC = YES;
				CLANG_ENABLE_OBJC_WEAK = YES;
				CLANG_WARN_BLOCK_CAPTURE_AUTORELEASING = YES;
				CLANG_WARN_BOOL_CONVERSION = YES;
				CLANG_WARN_COMMA = YES;
				CLANG_WARN_CONSTANT_CONVERSION = YES;
				CLANG_WARN_DEPRECATED_OBJC_IMPLEMENTATIONS = YES;
				CLANG_WARN_DIRECT_OBJC_ISA_USAGE = YES_ERROR;
				CLANG_WARN_DOCUMENTATION_COMMENTS = YES;
				CLANG_WARN_EMPTY_BODY = YES;
				CLANG_WARN_ENUM_CONVERSION = YES;
				CLANG_WARN_INFINITE_RECURSION = YES;
				CLANG_WARN_INT_CONVERSION = YES;
				CLANG_WARN_NON_LITERAL_NULL_CONVERSION = YES;
				CLANG_WARN_OBJC_IMPLICIT_RETAIN_SELF = YES;
				CLANG_WARN_OBJC_LITERAL_CONVERSION = YES;
				CLANG_WARN_OBJC_ROOT_CLASS = YES_ERROR;
				CLANG_WARN_QUOTED_INCLUDE_IN_FRAMEWORK_HEADER = YES;
				CLANG_WARN_RANGE_LOOP_ANALYSIS = YES;
				CLANG_WARN_STRICT_PROTOTYPES = YES;
				CLANG_WARN_SUSPICIOUS_MOVE = YES;
				CLANG_WARN_UNGUARDED_AVAILABILITY = YES_AGGRESSIVE;
				CLANG_WARN_UNREACHABLE_CODE = YES;
				CLANG_WARN__DUPLICATE_METHOD_MATCH = YES;
				COPY_PHASE_STRIP = NO;
				DEBUG_INFORMATION_FORMAT = dwarf;
				ENABLE_STRICT_OBJC_MSGSEND = YES;
				ENABLE_TESTABILITY = YES;
				GCC_C_LANGUAGE_STANDARD = gnu11;
				GCC_DYNAMIC_NO_PIC = NO;
				GCC_NO_COMMON_BLOCKS = YES;
				GCC_OPTIMIZATION_LEVEL = 0;
				GCC_PREPROCESSOR_DEFINITIONS = (
					"DEBUG=1",
					"$(inherited)",
				);
				GCC_WARN_64_TO_32_BIT_CONVERSION = YES;
				GCC_WARN_ABOUT_RETURN_TYPE = YES_ERROR;
				GCC_WARN_UNDECLARED_SELECTOR = YES;
				GCC_WARN_UNINITIALIZED_AUTOS = YES_AGGRESSIVE;
				GCC_WARN_UNUSED_FUNCTION = YES;
				GCC_WARN_UNUSED_VARIABLE = YES;
				IPHONEOS_DEPLOYMENT_TARGET = 16.4;
				MTL_ENABLE_DEBUG_INFO = INCLUDE_SOURCE;
				MTL_FAST_MATH = YES;
				ONLY_ACTIVE_ARCH = YES;
				SDKROOT = iphoneos;
				SWIFT_ACTIVE_COMPILATION_CONDITIONS = DEBUG;
				SWIFT_OPTIMIZATION_LEVEL = "-Onone";
			};
			name = Debug;
		};
		4E449CBD2C481E1400F9AB9A /* Release */ = {
			isa = XCBuildConfiguration;
			buildSettings = {
				ALWAYS_SEARCH_USER_PATHS = NO;
				CLANG_ANALYZER_NONNULL = YES;
				CLANG_ANALYZER_NUMBER_OBJECT_CONVERSION = YES_AGGRESSIVE;
				CLANG_CXX_LANGUAGE_STANDARD = "gnu++20";
				CLANG_ENABLE_MODULES = YES;
				CLANG_ENABLE_OBJC_ARC = YES;
				CLANG_ENABLE_OBJC_WEAK = YES;
				CLANG_WARN_BLOCK_CAPTURE_AUTORELEASING = YES;
				CLANG_WARN_BOOL_CONVERSION = YES;
				CLANG_WARN_COMMA = YES;
				CLANG_WARN_CONSTANT_CONVERSION = YES;
				CLANG_WARN_DEPRECATED_OBJC_IMPLEMENTATIONS = YES;
				CLANG_WARN_DIRECT_OBJC_ISA_USAGE = YES_ERROR;
				CLANG_WARN_DOCUMENTATION_COMMENTS = YES;
				CLANG_WARN_EMPTY_BODY = YES;
				CLANG_WARN_ENUM_CONVERSION = YES;
				CLANG_WARN_INFINITE_RECURSION = YES;
				CLANG_WARN_INT_CONVERSION = YES;
				CLANG_WARN_NON_LITERAL_NULL_CONVERSION = YES;
				CLANG_WARN_OBJC_IMPLICIT_RETAIN_SELF = YES;
				CLANG_WARN_OBJC_LITERAL_CONVERSION = YES;
				CLANG_WARN_OBJC_ROOT_CLASS = YES_ERROR;
				CLANG_WARN_QUOTED_INCLUDE_IN_FRAMEWORK_HEADER = YES;
				CLANG_WARN_RANGE_LOOP_ANALYSIS = YES;
				CLANG_WARN_STRICT_PROTOTYPES = YES;
				CLANG_WARN_SUSPICIOUS_MOVE = YES;
				CLANG_WARN_UNGUARDED_AVAILABILITY = YES_AGGRESSIVE;
				CLANG_WARN_UNREACHABLE_CODE = YES;
				CLANG_WARN__DUPLICATE_METHOD_MATCH = YES;
				COPY_PHASE_STRIP = NO;
				DEBUG_INFORMATION_FORMAT = "dwarf-with-dsym";
				ENABLE_NS_ASSERTIONS = NO;
				ENABLE_STRICT_OBJC_MSGSEND = YES;
				GCC_C_LANGUAGE_STANDARD = gnu11;
				GCC_NO_COMMON_BLOCKS = YES;
				GCC_WARN_64_TO_32_BIT_CONVERSION = YES;
				GCC_WARN_ABOUT_RETURN_TYPE = YES_ERROR;
				GCC_WARN_UNDECLARED_SELECTOR = YES;
				GCC_WARN_UNINITIALIZED_AUTOS = YES_AGGRESSIVE;
				GCC_WARN_UNUSED_FUNCTION = YES;
				GCC_WARN_UNUSED_VARIABLE = YES;
				IPHONEOS_DEPLOYMENT_TARGET = 16.4;
				MTL_ENABLE_DEBUG_INFO = NO;
				MTL_FAST_MATH = YES;
				SDKROOT = iphoneos;
				SWIFT_COMPILATION_MODE = wholemodule;
				SWIFT_OPTIMIZATION_LEVEL = "-O";
				VALIDATE_PRODUCT = YES;
			};
			name = Release;
		};
		4E449CBF2C481E1400F9AB9A /* Debug */ = {
			isa = XCBuildConfiguration;
			buildSettings = {
				ASSETCATALOG_COMPILER_APPICON_NAME = AppIcon;
				ASSETCATALOG_COMPILER_GLOBAL_ACCENT_COLOR_NAME = AccentColor;
				CODE_SIGN_STYLE = Automatic;
				CURRENT_PROJECT_VERSION = 1;
				GENERATE_INFOPLIST_FILE = YES;
				INFOPLIST_FILE = DesafioPDI3/Info.plist;
				INFOPLIST_KEY_UIApplicationSupportsIndirectInputEvents = YES;
				INFOPLIST_KEY_UILaunchStoryboardName = LaunchScreen;
				INFOPLIST_KEY_UIMainStoryboardFile = Main;
				INFOPLIST_KEY_UISupportedInterfaceOrientations_iPad = "UIInterfaceOrientationPortrait UIInterfaceOrientationPortraitUpsideDown UIInterfaceOrientationLandscapeLeft UIInterfaceOrientationLandscapeRight";
				INFOPLIST_KEY_UISupportedInterfaceOrientations_iPhone = "UIInterfaceOrientationPortrait UIInterfaceOrientationLandscapeLeft UIInterfaceOrientationLandscapeRight";
				LD_RUNPATH_SEARCH_PATHS = (
					"$(inherited)",
					"@executable_path/Frameworks",
				);
				MARKETING_VERSION = 1.0;
				PRODUCT_BUNDLE_IDENTIFIER = pdi.DesafioPDI3;
				PRODUCT_NAME = "$(TARGET_NAME)";
				SWIFT_EMIT_LOC_STRINGS = YES;
				SWIFT_VERSION = 5.0;
				TARGETED_DEVICE_FAMILY = "1,2";
			};
			name = Debug;
		};
		4E449CC02C481E1400F9AB9A /* Release */ = {
			isa = XCBuildConfiguration;
			buildSettings = {
				ASSETCATALOG_COMPILER_APPICON_NAME = AppIcon;
				ASSETCATALOG_COMPILER_GLOBAL_ACCENT_COLOR_NAME = AccentColor;
				CODE_SIGN_STYLE = Automatic;
				CURRENT_PROJECT_VERSION = 1;
				GENERATE_INFOPLIST_FILE = YES;
				INFOPLIST_FILE = DesafioPDI3/Info.plist;
				INFOPLIST_KEY_UIApplicationSupportsIndirectInputEvents = YES;
				INFOPLIST_KEY_UILaunchStoryboardName = LaunchScreen;
				INFOPLIST_KEY_UIMainStoryboardFile = Main;
				INFOPLIST_KEY_UISupportedInterfaceOrientations_iPad = "UIInterfaceOrientationPortrait UIInterfaceOrientationPortraitUpsideDown UIInterfaceOrientationLandscapeLeft UIInterfaceOrientationLandscapeRight";
				INFOPLIST_KEY_UISupportedInterfaceOrientations_iPhone = "UIInterfaceOrientationPortrait UIInterfaceOrientationLandscapeLeft UIInterfaceOrientationLandscapeRight";
				LD_RUNPATH_SEARCH_PATHS = (
					"$(inherited)",
					"@executable_path/Frameworks",
				);
				MARKETING_VERSION = 1.0;
				PRODUCT_BUNDLE_IDENTIFIER = pdi.DesafioPDI3;
				PRODUCT_NAME = "$(TARGET_NAME)";
				SWIFT_EMIT_LOC_STRINGS = YES;
				SWIFT_VERSION = 5.0;
				TARGETED_DEVICE_FAMILY = "1,2";
			};
			name = Release;
		};
/* End XCBuildConfiguration section */

/* Begin XCConfigurationList section */
		4E449CA52C481E0E00F9AB9A /* Build configuration list for PBXProject "DesafioPDI3" */ = {
			isa = XCConfigurationList;
			buildConfigurations = (
				4E449CBC2C481E1400F9AB9A /* Debug */,
				4E449CBD2C481E1400F9AB9A /* Release */,
			);
			defaultConfigurationIsVisible = 0;
			defaultConfigurationName = Release;
		};
		4E449CBE2C481E1400F9AB9A /* Build configuration list for PBXNativeTarget "DesafioPDI3" */ = {
			isa = XCConfigurationList;
			buildConfigurations = (
				4E449CBF2C481E1400F9AB9A /* Debug */,
				4E449CC02C481E1400F9AB9A /* Release */,
			);
			defaultConfigurationIsVisible = 0;
			defaultConfigurationName = Release;
		};
/* End XCConfigurationList section */
	};
	rootObject = 4E449CA22C481E0E00F9AB9A /* Project object */;
}
